
Microsoft Visual Studio Solution File, Format Version 12.00
# Visual Studio Version 17
VisualStudioVersion = 17.4.33205.214
MinimumVisualStudioVersion = 10.0.40219.1
Project("{FAE04EC0-301F-11D3-BF4B-00C04F79EFBC}") = "MahApps.Metro.IconPacksPicker", "MahApps.Metro.IconPacksPicker.csproj", "{1C4F56AD-BF95-4CC9-8D20-3533EF25FEF7}"
EndProject
Global
	GlobalSection(SolutionConfigurationPlatforms) = preSolution
		Debug|Any CPU = Debug|Any CPU
		Release|Any CPU = Release|Any CPU
	EndGlobalSection
	GlobalSection(ProjectConfigurationPlatforms) = postSolution
		{1C4F56AD-BF95-4CC9-8D20-3533EF25FEF7}.Debug|Any CPU.ActiveCfg = Debug|Any CPU
		{1C4F56AD-BF95-4CC9-8D20-3533EF25FEF7}.Debug|Any CPU.Build.0 = Debug|Any CPU
		{1C4F56AD-BF95-4CC9-8D20-3533EF25FEF7}.Release|Any CPU.ActiveCfg = Release|Any CPU
		{1C4F56AD-BF95-4CC9-8D20-3533EF25FEF7}.Release|Any CPU.Build.0 = Release|Any CPU
	EndGlobalSection
	GlobalSection(SolutionProperties) = preSolution
		HideSolutionNode = FALSE
	EndGlobalSection
	GlobalSection(ExtensibilityGlobals) = postSolution
		SolutionGuid = {D5811369-40F5-4748-8831-A8EB7E1FE490}
	EndGlobalSection
EndGlobal
